
Microsoft Visual Studio Solution File, Format Version 12.00
# Visual Studio Version 16
VisualStudioVersion = 16.0.29728.190
MinimumVisualStudioVersion = 10.0.40219.1
Project("{FAE04EC0-301F-11D3-BF4B-00C04F79EFBC}") = "FootballApp.WebUI", "FootballApp.WebUI\FootballApp.WebUI.csproj", "{3163EEE5-3137-43E7-A8C9-590E89844FCA}"
EndProject
Project("{FAE04EC0-301F-11D3-BF4B-00C04F79EFBC}") = "FootballApp.Domain", "FootballApp.Domain\FootballApp.Domain.csproj", "{EAE96AC4-31C0-4654-A5A4-0D584E3BA85D}"
EndProject
Global
	GlobalSection(SolutionConfigurationPlatforms) = preSolution
		Debug|Any CPU = Debug|Any CPU
		Release|Any CPU = Release|Any CPU
	EndGlobalSection
	GlobalSection(ProjectConfigurationPlatforms) = postSolution
		{3163EEE5-3137-43E7-A8C9-590E89844FCA}.Debug|Any CPU.ActiveCfg = Debug|Any CPU
		{3163EEE5-3137-43E7-A8C9-590E89844FCA}.Debug|Any CPU.Build.0 = Debug|Any CPU
		{3163EEE5-3137-43E7-A8C9-590E89844FCA}.Release|Any CPU.ActiveCfg = Release|Any CPU
		{3163EEE5-3137-43E7-A8C9-590E89844FCA}.Release|Any CPU.Build.0 = Release|Any CPU
		{EAE96AC4-31C0-4654-A5A4-0D584E3BA85D}.Debug|Any CPU.ActiveCfg = Debug|Any CPU
		{EAE96AC4-31C0-4654-A5A4-0D584E3BA85D}.Debug|Any CPU.Build.0 = Debug|Any CPU
		{EAE96AC4-31C0-4654-A5A4-0D584E3BA85D}.Release|Any CPU.ActiveCfg = Release|Any CPU
		{EAE96AC4-31C0-4654-A5A4-0D584E3BA85D}.Release|Any CPU.Build.0 = Release|Any CPU
	EndGlobalSection
	GlobalSection(SolutionProperties) = preSolution
		HideSolutionNode = FALSE
	EndGlobalSection
	GlobalSection(ExtensibilityGlobals) = postSolution
		SolutionGuid = {7D1E7012-8BCB-46BC-8944-A4260899E831}
	EndGlobalSection
EndGlobal
